
Microsoft Visual Studio Solution File, Format Version 12.00
# Visual Studio 15
VisualStudioVersion = 15.0.28307.489
MinimumVisualStudioVersion = 10.0.40219.1
Project("{2150E333-8FDC-42A3-9474-1A3956D46DE8}") = "Src", "Src", "{D6CE890E-019E-49AF-BD57-F8B6642D2D96}"
EndProject
Project("{2150E333-8FDC-42A3-9474-1A3956D46DE8}") = "Common", "Common", "{8896551F-C7A1-47CA-8A25-299A65F0B9CC}"
EndProject
Project("{2150E333-8FDC-42A3-9474-1A3956D46DE8}") = "Core", "Core", "{9EDD4B6D-3360-42EE-B41D-EF60FB4BFBCD}"
EndProject
Project("{2150E333-8FDC-42A3-9474-1A3956D46DE8}") = "Presentation", "Presentation", "{301111C6-F6C5-4006-8230-370E6B598E6F}"
EndProject
Project("{FAE04EC0-301F-11D3-BF4B-00C04F79EFBC}") = "AppointIn.Domain", "Core\AppointIn.Domain\AppointIn.Domain.csproj", "{B6918A37-4841-47ED-A32D-1759CBDAA947}"
EndProject
Project("{2150E333-8FDC-42A3-9474-1A3956D46DE8}") = "Infrastructure", "Infrastructure", "{56061FB7-C443-46E9-8391-CC01CAD90DE2}"
EndProject
Project("{2150E333-8FDC-42A3-9474-1A3956D46DE8}") = "Test", "Test", "{57EA8361-08CD-4869-B202-139B2CC63E84}"
EndProject
Project("{FAE04EC0-301F-11D3-BF4B-00C04F79EFBC}") = "AppointIn.Core", "Core\AppointIn.Core\AppointIn.Core.csproj", "{C54B19AE-F419-416F-B431-315653347865}"
EndProject
Project("{2150E333-8FDC-42A3-9474-1A3956D46DE8}") = "Persistence", "Persistence", "{BAD7EE95-72DE-4C76-A56A-AF1A67299F30}"
EndProject
Project("{FAE04EC0-301F-11D3-BF4B-00C04F79EFBC}") = "AppointIn.Data", "Persistence\AppointIn.Data\AppointIn.Data.csproj", "{087500EA-ABBA-4252-B8FC-15A4A9789C55}"
EndProject
Project("{FAE04EC0-301F-11D3-BF4B-00C04F79EFBC}") = "AppointIn.DesktopApp", "AppointIn.DesktopApp\AppointIn.DesktopApp.csproj", "{4CA32B5A-2AE2-4F8F-8B3E-B80D50079F7E}"
EndProject
Project("{FAE04EC0-301F-11D3-BF4B-00C04F79EFBC}") = "AppointIn.TestDataSeed", "AppointIn.TestDataSeed\AppointIn.TestDataSeed.csproj", "{280F46AD-6900-409E-9037-8CEB55756087}"
EndProject
Global
	GlobalSection(SolutionConfigurationPlatforms) = preSolution
		Debug|Any CPU = Debug|Any CPU
		Release|Any CPU = Release|Any CPU
	EndGlobalSection
	GlobalSection(ProjectConfigurationPlatforms) = postSolution
		{B6918A37-4841-47ED-A32D-1759CBDAA947}.Debug|Any CPU.ActiveCfg = Debug|Any CPU
		{B6918A37-4841-47ED-A32D-1759CBDAA947}.Debug|Any CPU.Build.0 = Debug|Any CPU
		{B6918A37-4841-47ED-A32D-1759CBDAA947}.Release|Any CPU.ActiveCfg = Release|Any CPU
		{B6918A37-4841-47ED-A32D-1759CBDAA947}.Release|Any CPU.Build.0 = Release|Any CPU
		{C54B19AE-F419-416F-B431-315653347865}.Debug|Any CPU.ActiveCfg = Debug|Any CPU
		{C54B19AE-F419-416F-B431-315653347865}.Debug|Any CPU.Build.0 = Debug|Any CPU
		{C54B19AE-F419-416F-B431-315653347865}.Release|Any CPU.ActiveCfg = Release|Any CPU
		{C54B19AE-F419-416F-B431-315653347865}.Release|Any CPU.Build.0 = Release|Any CPU
		{087500EA-ABBA-4252-B8FC-15A4A9789C55}.Debug|Any CPU.ActiveCfg = Debug|Any CPU
		{087500EA-ABBA-4252-B8FC-15A4A9789C55}.Debug|Any CPU.Build.0 = Debug|Any CPU
		{087500EA-ABBA-4252-B8FC-15A4A9789C55}.Release|Any CPU.ActiveCfg = Release|Any CPU
		{087500EA-ABBA-4252-B8FC-15A4A9789C55}.Release|Any CPU.Build.0 = Release|Any CPU
		{4CA32B5A-2AE2-4F8F-8B3E-B80D50079F7E}.Debug|Any CPU.ActiveCfg = Debug|Any CPU
		{4CA32B5A-2AE2-4F8F-8B3E-B80D50079F7E}.Debug|Any CPU.Build.0 = Debug|Any CPU
		{4CA32B5A-2AE2-4F8F-8B3E-B80D50079F7E}.Release|Any CPU.ActiveCfg = Release|Any CPU
		{4CA32B5A-2AE2-4F8F-8B3E-B80D50079F7E}.Release|Any CPU.Build.0 = Release|Any CPU
		{280F46AD-6900-409E-9037-8CEB55756087}.Debug|Any CPU.ActiveCfg = Debug|Any CPU
		{280F46AD-6900-409E-9037-8CEB55756087}.Debug|Any CPU.Build.0 = Debug|Any CPU
		{280F46AD-6900-409E-9037-8CEB55756087}.Release|Any CPU.ActiveCfg = Release|Any CPU
		{280F46AD-6900-409E-9037-8CEB55756087}.Release|Any CPU.Build.0 = Release|Any CPU
	EndGlobalSection
	GlobalSection(SolutionProperties) = preSolution
		HideSolutionNode = FALSE
	EndGlobalSection
	GlobalSection(NestedProjects) = preSolution
		{8896551F-C7A1-47CA-8A25-299A65F0B9CC} = {D6CE890E-019E-49AF-BD57-F8B6642D2D96}
		{9EDD4B6D-3360-42EE-B41D-EF60FB4BFBCD} = {D6CE890E-019E-49AF-BD57-F8B6642D2D96}
		{301111C6-F6C5-4006-8230-370E6B598E6F} = {D6CE890E-019E-49AF-BD57-F8B6642D2D96}
		{B6918A37-4841-47ED-A32D-1759CBDAA947} = {9EDD4B6D-3360-42EE-B41D-EF60FB4BFBCD}
		{56061FB7-C443-46E9-8391-CC01CAD90DE2} = {D6CE890E-019E-49AF-BD57-F8B6642D2D96}
		{57EA8361-08CD-4869-B202-139B2CC63E84} = {D6CE890E-019E-49AF-BD57-F8B6642D2D96}
		{C54B19AE-F419-416F-B431-315653347865} = {9EDD4B6D-3360-42EE-B41D-EF60FB4BFBCD}
		{BAD7EE95-72DE-4C76-A56A-AF1A67299F30} = {D6CE890E-019E-49AF-BD57-F8B6642D2D96}
		{087500EA-ABBA-4252-B8FC-15A4A9789C55} = {BAD7EE95-72DE-4C76-A56A-AF1A67299F30}
		{4CA32B5A-2AE2-4F8F-8B3E-B80D50079F7E} = {301111C6-F6C5-4006-8230-370E6B598E6F}
		{280F46AD-6900-409E-9037-8CEB55756087} = {57EA8361-08CD-4869-B202-139B2CC63E84}
	EndGlobalSection
	GlobalSection(ExtensibilityGlobals) = postSolution
		SolutionGuid = {D38994A1-DBAE-4FB6-979A-3826904FC34F}
	EndGlobalSection
EndGlobal
